
Microsoft Visual Studio Solution File, Format Version 12.00
# Visual Studio Version 16
VisualStudioVersion = 16.0.28902.138
MinimumVisualStudioVersion = 10.0.40219.1
Project("{9A19103F-16F7-4668-BE54-9A1E7A4F7556}") = "ZuFang.Web", "ZuFang.Web\ZuFang.Web.csproj", "{55220580-9F13-49A7-BEC0-D79102EDF452}"
EndProject
Project("{9A19103F-16F7-4668-BE54-9A1E7A4F7556}") = "ZuFang.Core", "ZuFang.Core\ZuFang.Core.csproj", "{89D48CBE-3710-4622-8F1A-86FEF5099615}"
EndProject
Project("{9A19103F-16F7-4668-BE54-9A1E7A4F7556}") = "ZuFang.Infrastructure", "ZuFang.Infrastructure\ZuFang.Infrastructure.csproj", "{95C34B16-3065-4DC2-89E0-2C4EAFCFD636}"
EndProject
Global
	GlobalSection(SolutionConfigurationPlatforms) = preSolution
		Debug|Any CPU = Debug|Any CPU
		Release|Any CPU = Release|Any CPU
	EndGlobalSection
	GlobalSection(ProjectConfigurationPlatforms) = postSolution
		{55220580-9F13-49A7-BEC0-D79102EDF452}.Debug|Any CPU.ActiveCfg = Debug|Any CPU
		{55220580-9F13-49A7-BEC0-D79102EDF452}.Debug|Any CPU.Build.0 = Debug|Any CPU
		{55220580-9F13-49A7-BEC0-D79102EDF452}.Release|Any CPU.ActiveCfg = Release|Any CPU
		{55220580-9F13-49A7-BEC0-D79102EDF452}.Release|Any CPU.Build.0 = Release|Any CPU
		{89D48CBE-3710-4622-8F1A-86FEF5099615}.Debug|Any CPU.ActiveCfg = Debug|Any CPU
		{89D48CBE-3710-4622-8F1A-86FEF5099615}.Debug|Any CPU.Build.0 = Debug|Any CPU
		{89D48CBE-3710-4622-8F1A-86FEF5099615}.Release|Any CPU.ActiveCfg = Release|Any CPU
		{89D48CBE-3710-4622-8F1A-86FEF5099615}.Release|Any CPU.Build.0 = Release|Any CPU
		{95C34B16-3065-4DC2-89E0-2C4EAFCFD636}.Debug|Any CPU.ActiveCfg = Debug|Any CPU
		{95C34B16-3065-4DC2-89E0-2C4EAFCFD636}.Debug|Any CPU.Build.0 = Debug|Any CPU
		{95C34B16-3065-4DC2-89E0-2C4EAFCFD636}.Release|Any CPU.ActiveCfg = Release|Any CPU
		{95C34B16-3065-4DC2-89E0-2C4EAFCFD636}.Release|Any CPU.Build.0 = Release|Any CPU
	EndGlobalSection
	GlobalSection(SolutionProperties) = preSolution
		HideSolutionNode = FALSE
	EndGlobalSection
	GlobalSection(ExtensibilityGlobals) = postSolution
		SolutionGuid = {F86CD305-95C7-4639-A01F-59BAA428DC0D}
	EndGlobalSection
EndGlobal
